<?xml version="1.0" encoding="UTF-8"?>
<!DOCTYPE plist PUBLIC "-//Apple//DTD PLIST 1.0//EN" "http://www.apple.com/DTDs/PropertyList-1.0.dtd">
<plist version="1.0">
<dict>
	<key>archiveVersion</key>
	<string>1</string>
	<key>classes</key>
	<dict/>
	<key>objectVersion</key>
	<string>46</string>
	<key>objects</key>
	<dict>
		<key>50E31C4A198713C700F2EB0F</key>
		<dict>
			<key>children</key>
			<array>
				<string>50E31C5C198713C700F2EB0F</string>
				<string>50E31C7B198713C700F2EB0F</string>
				<string>50E31C55198713C700F2EB0F</string>
				<string>50E31C54198713C700F2EB0F</string>
			</array>
			<key>isa</key>
			<string>PBXGroup</string>
			<key>sourceTree</key>
			<string>&lt;group&gt;</string>
		</dict>
		<key>50E31C4B198713C700F2EB0F</key>
		<dict>
			<key>attributes</key>
			<dict>
				<key>LastUpgradeCheck</key>
				<string>0510</string>
				<key>ORGANIZATIONNAME</key>
				<string>YoshiakiIto</string>
				<key>TargetAttributes</key>
				<dict>
					<key>50E31C73198713C700F2EB0F</key>
					<dict>
						<key>TestTargetID</key>
						<string>50E31C52198713C700F2EB0F</string>
					</dict>
				</dict>
			</dict>
			<key>buildConfigurationList</key>
			<string>50E31C4E198713C700F2EB0F</string>
			<key>compatibilityVersion</key>
			<string>Xcode 3.2</string>
			<key>developmentRegion</key>
			<string>English</string>
			<key>hasScannedForEncodings</key>
			<string>0</string>
			<key>isa</key>
			<string>PBXProject</string>
			<key>knownRegions</key>
			<array>
				<string>en</string>
				<string>Base</string>
			</array>
			<key>mainGroup</key>
			<string>50E31C4A198713C700F2EB0F</string>
			<key>productRefGroup</key>
			<string>50E31C54198713C700F2EB0F</string>
			<key>projectDirPath</key>
			<string></string>
			<key>projectReferences</key>
			<array/>
			<key>projectRoot</key>
			<string></string>
			<key>targets</key>
			<array>
				<string>50E31C52198713C700F2EB0F</string>
				<string>50E31C73198713C700F2EB0F</string>
			</array>
		</dict>
		<key>50E31C4E198713C700F2EB0F</key>
		<dict>
			<key>buildConfigurations</key>
			<array>
				<string>50E31C83198713C700F2EB0F</string>
				<string>50E31C84198713C700F2EB0F</string>
			</array>
			<key>defaultConfigurationIsVisible</key>
			<string>0</string>
			<key>defaultConfigurationName</key>
			<string>Release</string>
			<key>isa</key>
			<string>XCConfigurationList</string>
		</dict>
		<key>50E31C4F198713C700F2EB0F</key>
		<dict>
			<key>buildActionMask</key>
			<string>2147483647</string>
			<key>files</key>
			<array>
				<string>50E31C6D198713C700F2EB0F</string>
				<string>50E31C67198713C700F2EB0F</string>
				<string>50E31C63198713C700F2EB0F</string>
			</array>
			<key>isa</key>
			<string>PBXSourcesBuildPhase</string>
			<key>runOnlyForDeploymentPostprocessing</key>
			<string>0</string>
		</dict>
		<key>50E31C50198713C700F2EB0F</key>
		<dict>
			<key>buildActionMask</key>
			<string>2147483647</string>
			<key>files</key>
			<array>
				<string>50E31C59198713C700F2EB0F</string>
				<string>50E31C5B198713C700F2EB0F</string>
				<string>50E31C57198713C700F2EB0F</string>
			</array>
			<key>isa</key>
			<string>PBXFrameworksBuildPhase</string>
			<key>runOnlyForDeploymentPostprocessing</key>
			<string>0</string>
		</dict>
		<key>50E31C51198713C700F2EB0F</key>
		<dict>
			<key>buildActionMask</key>
			<string>2147483647</string>
			<key>files</key>
			<array>
				<string>50E31C991987143900F2EB0F</string>
				<string>50E31C6F198713C700F2EB0F</string>
				<string>50E31C971987143900F2EB0F</string>
				<string>50E31C961987143900F2EB0F</string>
				<string>50E31C61198713C700F2EB0F</string>
				<string>50E31C6A198713C700F2EB0F</string>
				<string>50E31C981987143900F2EB0F</string>
			</array>
			<key>isa</key>
			<string>PBXResourcesBuildPhase</string>
			<key>runOnlyForDeploymentPostprocessing</key>
			<string>0</string>
		</dict>
		<key>50E31C52198713C700F2EB0F</key>
		<dict>
			<key>buildConfigurationList</key>
			<string>50E31C85198713C700F2EB0F</string>
			<key>buildPhases</key>
			<array>
				<string>50E31C4F198713C700F2EB0F</string>
				<string>50E31C50198713C700F2EB0F</string>
				<string>50E31C51198713C700F2EB0F</string>
			</array>
			<key>buildRules</key>
			<array/>
			<key>dependencies</key>
			<array/>
			<key>isa</key>
			<string>PBXNativeTarget</string>
			<key>name</key>
			<string>&#20234;&#34276;&#32681;&#31456;</string>
			<key>productName</key>
			<string>&#20234;&#34276;&#32681;&#31456;</string>
			<key>productReference</key>
			<string>50E31C53198713C700F2EB0F</string>
			<key>productType</key>
			<string>com.apple.product-type.application</string>
		</dict>
		<key>50E31C53198713C700F2EB0F</key>
		<dict>
			<key>explicitFileType</key>
			<string>wrapper.application</string>
			<key>includeInIndex</key>
			<string>0</string>
			<key>isa</key>
			<string>PBXFileReference</string>
			<key>path</key>
			<string>&#20234;&#34276;&#32681;&#31456;.app</string>
			<key>sourceTree</key>
			<string>BUILT_PRODUCTS_DIR</string>
		</dict>
		<key>50E31C54198713C700F2EB0F</key>
		<dict>
			<key>children</key>
			<array>
				<string>50E31C53198713C700F2EB0F</string>
				<string>50E31C74198713C700F2EB0F</string>
			</array>
			<key>isa</key>
			<string>PBXGroup</string>
			<key>name</key>
			<string>Products</string>
			<key>sourceTree</key>
			<string>&lt;group&gt;</string>
		</dict>
		<key>50E31C55198713C700F2EB0F</key>
		<dict>
			<key>children</key>
			<array>
				<string>50E31C56198713C700F2EB0F</string>
				<string>50E31C58198713C700F2EB0F</string>
				<string>50E31C5A198713C700F2EB0F</string>
				<string>50E31C75198713C700F2EB0F</string>
			</array>
			<key>isa</key>
			<string>PBXGroup</string>
			<key>name</key>
			<string>Frameworks</string>
			<key>sourceTree</key>
			<string>&lt;group&gt;</string>
		</dict>
		<key>50E31C56198713C700F2EB0F</key>
		<dict>
			<key>isa</key>
			<string>PBXFileReference</string>
			<key>lastKnownFileType</key>
			<string>wrapper.framework</string>
			<key>name</key>
			<string>Foundation.framework</string>
			<key>path</key>
			<string>System/Library/Frameworks/Foundation.framework</string>
			<key>sourceTree</key>
			<string>SDKROOT</string>
		</dict>
		<key>50E31C57198713C700F2EB0F</key>
		<dict>
			<key>fileRef</key>
			<string>50E31C56198713C700F2EB0F</string>
			<key>isa</key>
			<string>PBXBuildFile</string>
		</dict>
		<key>50E31C58198713C700F2EB0F</key>
		<dict>
			<key>isa</key>
			<string>PBXFileReference</string>
			<key>lastKnownFileType</key>
			<string>wrapper.framework</string>
			<key>name</key>
			<string>CoreGraphics.framework</string>
			<key>path</key>
			<string>System/Library/Frameworks/CoreGraphics.framework</string>
			<key>sourceTree</key>
			<string>SDKROOT</string>
		</dict>
		<key>50E31C59198713C700F2EB0F</key>
		<dict>
			<key>fileRef</key>
			<string>50E31C58198713C700F2EB0F</string>
			<key>isa</key>
			<string>PBXBuildFile</string>
		</dict>
		<key>50E31C5A198713C700F2EB0F</key>
		<dict>
			<key>isa</key>
			<string>PBXFileReference</string>
			<key>lastKnownFileType</key>
			<string>wrapper.framework</string>
			<key>name</key>
			<string>UIKit.framework</string>
			<key>path</key>
			<string>System/Library/Frameworks/UIKit.framework</string>
			<key>sourceTree</key>
			<string>SDKROOT</string>
		</dict>
		<key>50E31C5B198713C700F2EB0F</key>
		<dict>
			<key>fileRef</key>
			<string>50E31C5A198713C700F2EB0F</string>
			<key>isa</key>
			<string>PBXBuildFile</string>
		</dict>
		<key>50E31C5C198713C700F2EB0F</key>
		<dict>
			<key>children</key>
			<array>
				<string>50E31C90198713F700F2EB0F</string>
				<string>50E31C8B198713CD00F2EB0F</string>
				<string>50E31C8C198713CE00F2EB0F</string>
				<string>50E31C8E198713D300F2EB0F</string>
				<string>50E31C8D198713D000F2EB0F</string>
				<string>50E31C8F198713ED00F2EB0F</string>
				<string>50E31C66198713C700F2EB0F</string>
				<string>50E31C65198713C700F2EB0F</string>
				<string>50E31C68198713C700F2EB0F</string>
				<string>50E31C6B198713C700F2EB0F</string>
				<string>50E31C6C198713C700F2EB0F</string>
				<string>50E31C6E198713C700F2EB0F</string>
				<string>50E31C5D198713C700F2EB0F</string>
			</array>
			<key>isa</key>
			<string>PBXGroup</string>
			<key>path</key>
			<string>&#20234;&#34276;&#32681;&#31456;</string>
			<key>sourceTree</key>
			<string>&lt;group&gt;</string>
		</dict>
		<key>50E31C5D198713C700F2EB0F</key>
		<dict>
			<key>children</key>
			<array>
				<string>50E31C5E198713C700F2EB0F</string>
				<string>50E31C5F198713C700F2EB0F</string>
				<string>50E31C62198713C700F2EB0F</string>
				<string>50E31C64198713C700F2EB0F</string>
			</array>
			<key>isa</key>
			<string>PBXGroup</string>
			<key>name</key>
			<string>Supporting Files</string>
			<key>path</key>
			<string>Supporting Files</string>
			<key>sourceTree</key>
			<string>&lt;group&gt;</string>
		</dict>
		<key>50E31C5E198713C700F2EB0F</key>
		<dict>
			<key>isa</key>
			<string>PBXFileReference</string>
			<key>lastKnownFileType</key>
			<string>text.plist.xml</string>
			<key>path</key>
			<string>&#20234;&#34276;&#32681;&#31456;-Info.plist</string>
			<key>sourceTree</key>
			<string>&lt;group&gt;</string>
		</dict>
		<key>50E31C5F198713C700F2EB0F</key>
		<dict>
			<key>children</key>
			<array>
				<string>50E31C60198713C700F2EB0F</string>
			</array>
			<key>isa</key>
			<string>PBXVariantGroup</string>
			<key>name</key>
			<string>InfoPlist.strings</string>
			<key>sourceTree</key>
			<string>&lt;group&gt;</string>
		</dict>
		<key>50E31C60198713C700F2EB0F</key>
		<dict>
			<key>isa</key>
			<string>PBXFileReference</string>
			<key>lastKnownFileType</key>
			<string>text.plist.strings</string>
			<key>name</key>
			<string>en</string>
			<key>path</key>
			<string>en.lproj/InfoPlist.strings</string>
			<key>sourceTree</key>
			<string>&lt;group&gt;</string>
		</dict>
		<key>50E31C61198713C700F2EB0F</key>
		<dict>
			<key>fileRef</key>
			<string>50E31C5F198713C700F2EB0F</string>
			<key>isa</key>
			<string>PBXBuildFile</string>
		</dict>
		<key>50E31C62198713C700F2EB0F</key>
		<dict>
			<key>isa</key>
			<string>PBXFileReference</string>
			<key>lastKnownFileType</key>
			<string>sourcecode.c.objc</string>
			<key>path</key>
			<string>main.m</string>
			<key>sourceTree</key>
			<string>&lt;group&gt;</string>
		</dict>
		<key>50E31C63198713C700F2EB0F</key>
		<dict>
			<key>fileRef</key>
			<string>50E31C62198713C700F2EB0F</string>
			<key>isa</key>
			<string>PBXBuildFile</string>
		</dict>
		<key>50E31C64198713C700F2EB0F</key>
		<dict>
			<key>isa</key>
			<string>PBXFileReference</string>
			<key>lastKnownFileType</key>
			<string>sourcecode.c.h</string>
			<key>path</key>
			<string>&#20234;&#34276;&#32681;&#31456;-Prefix.pch</string>
			<key>sourceTree</key>
			<string>&lt;group&gt;</string>
		</dict>
		<key>50E31C65198713C700F2EB0F</key>
		<dict>
			<key>isa</key>
			<string>PBXFileReference</string>
			<key>lastKnownFileType</key>
			<string>sourcecode.c.h</string>
			<key>path</key>
			<string>AppDelegate.h</string>
			<key>sourceTree</key>
			<string>&lt;group&gt;</string>
		</dict>
		<key>50E31C66198713C700F2EB0F</key>
		<dict>
			<key>isa</key>
			<string>PBXFileReference</string>
			<key>lastKnownFileType</key>
			<string>sourcecode.c.objc</string>
			<key>path</key>
			<string>AppDelegate.m</string>
			<key>sourceTree</key>
			<string>&lt;group&gt;</string>
		</dict>
		<key>50E31C67198713C700F2EB0F</key>
		<dict>
			<key>fileRef</key>
			<string>50E31C66198713C700F2EB0F</string>
			<key>isa</key>
			<string>PBXBuildFile</string>
		</dict>
		<key>50E31C68198713C700F2EB0F</key>
		<dict>
			<key>children</key>
			<array>
				<string>50E31C69198713C700F2EB0F</string>
			</array>
			<key>isa</key>
			<string>PBXVariantGroup</string>
			<key>name</key>
			<string>Main.storyboard</string>
			<key>sourceTree</key>
			<string>&lt;group&gt;</string>
		</dict>
		<key>50E31C69198713C700F2EB0F</key>
		<dict>
			<key>isa</key>
			<string>PBXFileReference</string>
			<key>lastKnownFileType</key>
			<string>file.storyboard</string>
			<key>name</key>
			<string>Base</string>
			<key>path</key>
			<string>Base.lproj/Main.storyboard</string>
			<key>sourceTree</key>
			<string>&lt;group&gt;</string>
		</dict>
		<key>50E31C6A198713C700F2EB0F</key>
		<dict>
			<key>fileRef</key>
			<string>50E31C68198713C700F2EB0F</string>
			<key>isa</key>
			<string>PBXBuildFile</string>
		</dict>
		<key>50E31C6B198713C700F2EB0F</key>
		<dict>
			<key>isa</key>
			<string>PBXFileReference</string>
			<key>lastKnownFileType</key>
			<string>sourcecode.c.h</string>
			<key>path</key>
			<string>ViewController.h</string>
			<key>sourceTree</key>
			<string>&lt;group&gt;</string>
		</dict>
		<key>50E31C6C198713C700F2EB0F</key>
		<dict>
			<key>isa</key>
			<string>PBXFileReference</string>
			<key>lastKnownFileType</key>
			<string>sourcecode.c.objc</string>
			<key>path</key>
			<string>ViewController.m</string>
			<key>sourceTree</key>
			<string>&lt;group&gt;</string>
		</dict>
		<key>50E31C6D198713C700F2EB0F</key>
		<dict>
			<key>fileRef</key>
			<string>50E31C6C198713C700F2EB0F</string>
			<key>isa</key>
			<string>PBXBuildFile</string>
		</dict>
		<key>50E31C6E198713C700F2EB0F</key>
		<dict>
			<key>isa</key>
			<string>PBXFileReference</string>
			<key>lastKnownFileType</key>
			<string>folder.assetcatalog</string>
			<key>path</key>
			<string>Images.xcassets</string>
			<key>sourceTree</key>
			<string>&lt;group&gt;</string>
		</dict>
		<key>50E31C6F198713C700F2EB0F</key>
		<dict>
			<key>fileRef</key>
			<string>50E31C6E198713C700F2EB0F</string>
			<key>isa</key>
			<string>PBXBuildFile</string>
		</dict>
		<key>50E31C70198713C700F2EB0F</key>
		<dict>
			<key>buildActionMask</key>
			<string>2147483647</string>
			<key>files</key>
			<array>
				<string>50E31C82198713C700F2EB0F</string>
			</array>
			<key>isa</key>
			<string>PBXSourcesBuildPhase</string>
			<key>runOnlyForDeploymentPostprocessing</key>
			<string>0</string>
		</dict>
		<key>50E31C71198713C700F2EB0F</key>
		<dict>
			<key>buildActionMask</key>
			<string>2147483647</string>
			<key>files</key>
			<array>
				<string>50E31C76198713C700F2EB0F</string>
				<string>50E31C78198713C700F2EB0F</string>
				<string>50E31C77198713C700F2EB0F</string>
			</array>
			<key>isa</key>
			<string>PBXFrameworksBuildPhase</string>
			<key>runOnlyForDeploymentPostprocessing</key>
			<string>0</string>
		</dict>
		<key>50E31C72198713C700F2EB0F</key>
		<dict>
			<key>buildActionMask</key>
			<string>2147483647</string>
			<key>files</key>
			<array>
				<string>50E31C80198713C700F2EB0F</string>
			</array>
			<key>isa</key>
			<string>PBXResourcesBuildPhase</string>
			<key>runOnlyForDeploymentPostprocessing</key>
			<string>0</string>
		</dict>
		<key>50E31C73198713C700F2EB0F</key>
		<dict>
			<key>buildConfigurationList</key>
			<string>50E31C88198713C700F2EB0F</string>
			<key>buildPhases</key>
			<array>
				<string>50E31C70198713C700F2EB0F</string>
				<string>50E31C71198713C700F2EB0F</string>
				<string>50E31C72198713C700F2EB0F</string>
			</array>
			<key>buildRules</key>
			<array/>
			<key>dependencies</key>
			<array>
				<string>50E31C7A198713C700F2EB0F</string>
			</array>
			<key>isa</key>
			<string>PBXNativeTarget</string>
			<key>name</key>
			<string>&#20234;&#34276;&#32681;&#31456;Tests</string>
			<key>productName</key>
			<string>&#20234;&#34276;&#32681;&#31456;Tests</string>
			<key>productReference</key>
			<string>50E31C74198713C700F2EB0F</string>
			<key>productType</key>
			<string>com.apple.product-type.bundle.unit-test</string>
		</dict>
		<key>50E31C74198713C700F2EB0F</key>
		<dict>
			<key>explicitFileType</key>
			<string>wrapper.cfbundle</string>
			<key>includeInIndex</key>
			<string>0</string>
			<key>isa</key>
			<string>PBXFileReference</string>
			<key>path</key>
			<string>&#20234;&#34276;&#32681;&#31456;Tests.xctest</string>
			<key>sourceTree</key>
			<string>BUILT_PRODUCTS_DIR</string>
		</dict>
		<key>50E31C75198713C700F2EB0F</key>
		<dict>
			<key>isa</key>
			<string>PBXFileReference</string>
			<key>lastKnownFileType</key>
			<string>wrapper.framework</string>
			<key>name</key>
			<string>XCTest.framework</string>
			<key>path</key>
			<string>Library/Frameworks/XCTest.framework</string>
			<key>sourceTree</key>
			<string>DEVELOPER_DIR</string>
		</dict>
		<key>50E31C76198713C700F2EB0F</key>
		<dict>
			<key>fileRef</key>
			<string>50E31C75198713C700F2EB0F</string>
			<key>isa</key>
			<string>PBXBuildFile</string>
		</dict>
		<key>50E31C77198713C700F2EB0F</key>
		<dict>
			<key>fileRef</key>
			<string>50E31C56198713C700F2EB0F</string>
			<key>isa</key>
			<string>PBXBuildFile</string>
		</dict>
		<key>50E31C78198713C700F2EB0F</key>
		<dict>
			<key>fileRef</key>
			<string>50E31C5A198713C700F2EB0F</string>
			<key>isa</key>
			<string>PBXBuildFile</string>
		</dict>
		<key>50E31C79198713C700F2EB0F</key>
		<dict>
			<key>containerPortal</key>
			<string>50E31C4B198713C700F2EB0F</string>
			<key>isa</key>
			<string>PBXContainerItemProxy</string>
			<key>proxyType</key>
			<string>1</string>
			<key>remoteGlobalIDString</key>
			<string>50E31C52198713C700F2EB0F</string>
			<key>remoteInfo</key>
			<string>&#20234;&#34276;&#32681;&#31456;</string>
		</dict>
		<key>50E31C7A198713C700F2EB0F</key>
		<dict>
			<key>isa</key>
			<string>PBXTargetDependency</string>
			<key>target</key>
			<string>50E31C52198713C700F2EB0F</string>
			<key>targetProxy</key>
			<string>50E31C79198713C700F2EB0F</string>
		</dict>
		<key>50E31C7B198713C700F2EB0F</key>
		<dict>
			<key>children</key>
			<array>
				<string>50E31C81198713C700F2EB0F</string>
				<string>50E31C7C198713C700F2EB0F</string>
			</array>
			<key>isa</key>
			<string>PBXGroup</string>
			<key>path</key>
			<string>&#20234;&#34276;&#32681;&#31456;Tests</string>
			<key>sourceTree</key>
			<string>&lt;group&gt;</string>
		</dict>
		<key>50E31C7C198713C700F2EB0F</key>
		<dict>
			<key>children</key>
			<array>
				<string>50E31C7D198713C700F2EB0F</string>
				<string>50E31C7E198713C700F2EB0F</string>
			</array>
			<key>isa</key>
			<string>PBXGroup</string>
			<key>name</key>
			<string>Supporting Files</string>
			<key>path</key>
			<string>Supporting Files</string>
			<key>sourceTree</key>
			<string>&lt;group&gt;</string>
		</dict>
		<key>50E31C7D198713C700F2EB0F</key>
		<dict>
			<key>isa</key>
			<string>PBXFileReference</string>
			<key>lastKnownFileType</key>
			<string>text.plist.xml</string>
			<key>path</key>
			<string>&#20234;&#34276;&#32681;&#31456;Tests-Info.plist</string>
			<key>sourceTree</key>
			<string>&lt;group&gt;</string>
		</dict>
		<key>50E31C7E198713C700F2EB0F</key>
		<dict>
			<key>children</key>
			<array>
				<string>50E31C7F198713C700F2EB0F</string>
			</array>
			<key>isa</key>
			<string>PBXVariantGroup</string>
			<key>name</key>
			<string>InfoPlist.strings</string>
			<key>sourceTree</key>
			<string>&lt;group&gt;</string>
		</dict>
		<key>50E31C7F198713C700F2EB0F</key>
		<dict>
			<key>isa</key>
			<string>PBXFileReference</string>
			<key>lastKnownFileType</key>
			<string>text.plist.strings</string>
			<key>name</key>
			<string>en</string>
			<key>path</key>
			<string>en.lproj/InfoPlist.strings</string>
			<key>sourceTree</key>
			<string>&lt;group&gt;</string>
		</dict>
		<key>50E31C80198713C700F2EB0F</key>
		<dict>
			<key>fileRef</key>
			<string>50E31C7E198713C700F2EB0F</string>
			<key>isa</key>
			<string>PBXBuildFile</string>
		</dict>
		<key>50E31C81198713C700F2EB0F</key>
		<dict>
			<key>isa</key>
			<string>PBXFileReference</string>
			<key>lastKnownFileType</key>
			<string>sourcecode.c.objc</string>
			<key>path</key>
			<string>____Tests.m</string>
			<key>sourceTree</key>
			<string>&lt;group&gt;</string>
		</dict>
		<key>50E31C82198713C700F2EB0F</key>
		<dict>
			<key>fileRef</key>
			<string>50E31C81198713C700F2EB0F</string>
			<key>isa</key>
			<string>PBXBuildFile</string>
		</dict>
		<key>50E31C83198713C700F2EB0F</key>
		<dict>
			<key>buildSettings</key>
			<dict>
				<key>ALWAYS_SEARCH_USER_PATHS</key>
				<string>NO</string>
				<key>CLANG_CXX_LANGUAGE_STANDARD</key>
				<string>gnu++0x</string>
				<key>CLANG_CXX_LIBRARY</key>
				<string>libc++</string>
				<key>CLANG_ENABLE_MODULES</key>
				<string>YES</string>
				<key>CLANG_ENABLE_OBJC_ARC</key>
				<string>YES</string>
				<key>CLANG_WARN_BOOL_CONVERSION</key>
				<string>YES</string>
				<key>CLANG_WARN_CONSTANT_CONVERSION</key>
				<string>YES</string>
				<key>CLANG_WARN_DIRECT_OBJC_ISA_USAGE</key>
				<string>YES_ERROR</string>
				<key>CLANG_WARN_EMPTY_BODY</key>
				<string>YES</string>
				<key>CLANG_WARN_ENUM_CONVERSION</key>
				<string>YES</string>
				<key>CLANG_WARN_INT_CONVERSION</key>
				<string>YES</string>
				<key>CLANG_WARN_OBJC_ROOT_CLASS</key>
				<string>YES_ERROR</string>
				<key>CLANG_WARN__DUPLICATE_METHOD_MATCH</key>
				<string>YES</string>
				<key>CODE_SIGN_IDENTITY[sdk=iphoneos*]</key>
				<string>iPhone Developer</string>
				<key>COPY_PHASE_STRIP</key>
				<string>NO</string>
				<key>GCC_C_LANGUAGE_STANDARD</key>
				<string>gnu99</string>
				<key>GCC_DYNAMIC_NO_PIC</key>
				<string>NO</string>
				<key>GCC_OPTIMIZATION_LEVEL</key>
				<string>0</string>
				<key>GCC_PREPROCESSOR_DEFINITIONS</key>
				<array>
					<string>DEBUG=1</string>
					<string>$(inherited)</string>
				</array>
				<key>GCC_SYMBOLS_PRIVATE_EXTERN</key>
				<string>NO</string>
				<key>GCC_WARN_64_TO_32_BIT_CONVERSION</key>
				<string>YES</string>
				<key>GCC_WARN_ABOUT_RETURN_TYPE</key>
				<string>YES_ERROR</string>
				<key>GCC_WARN_UNDECLARED_SELECTOR</key>
				<string>YES</string>
				<key>GCC_WARN_UNINITIALIZED_AUTOS</key>
				<string>YES_AGGRESSIVE</string>
				<key>GCC_WARN_UNUSED_FUNCTION</key>
				<string>YES</string>
				<key>GCC_WARN_UNUSED_VARIABLE</key>
				<string>YES</string>
				<key>IPHONEOS_DEPLOYMENT_TARGET</key>
				<string>7.1</string>
				<key>ONLY_ACTIVE_ARCH</key>
				<string>YES</string>
				<key>SDKROOT</key>
				<string>iphoneos</string>
			</dict>
			<key>isa</key>
			<string>XCBuildConfiguration</string>
			<key>name</key>
			<string>Debug</string>
		</dict>
		<key>50E31C84198713C700F2EB0F</key>
		<dict>
			<key>buildSettings</key>
			<dict>
				<key>ALWAYS_SEARCH_USER_PATHS</key>
				<string>NO</string>
				<key>CLANG_CXX_LANGUAGE_STANDARD</key>
				<string>gnu++0x</string>
				<key>CLANG_CXX_LIBRARY</key>
				<string>libc++</string>
				<key>CLANG_ENABLE_MODULES</key>
				<string>YES</string>
				<key>CLANG_ENABLE_OBJC_ARC</key>
				<string>YES</string>
				<key>CLANG_WARN_BOOL_CONVERSION</key>
				<string>YES</string>
				<key>CLANG_WARN_CONSTANT_CONVERSION</key>
				<string>YES</string>
				<key>CLANG_WARN_DIRECT_OBJC_ISA_USAGE</key>
				<string>YES_ERROR</string>
				<key>CLANG_WARN_EMPTY_BODY</key>
				<string>YES</string>
				<key>CLANG_WARN_ENUM_CONVERSION</key>
				<string>YES</string>
				<key>CLANG_WARN_INT_CONVERSION</key>
				<string>YES</string>
				<key>CLANG_WARN_OBJC_ROOT_CLASS</key>
				<string>YES_ERROR</string>
				<key>CLANG_WARN__DUPLICATE_METHOD_MATCH</key>
				<string>YES</string>
				<key>CODE_SIGN_IDENTITY[sdk=iphoneos*]</key>
				<string>iPhone Developer</string>
				<key>COPY_PHASE_STRIP</key>
				<string>YES</string>
				<key>ENABLE_NS_ASSERTIONS</key>
				<string>NO</string>
				<key>GCC_C_LANGUAGE_STANDARD</key>
				<string>gnu99</string>
				<key>GCC_WARN_64_TO_32_BIT_CONVERSION</key>
				<string>YES</string>
				<key>GCC_WARN_ABOUT_RETURN_TYPE</key>
				<string>YES_ERROR</string>
				<key>GCC_WARN_UNDECLARED_SELECTOR</key>
				<string>YES</string>
				<key>GCC_WARN_UNINITIALIZED_AUTOS</key>
				<string>YES_AGGRESSIVE</string>
				<key>GCC_WARN_UNUSED_FUNCTION</key>
				<string>YES</string>
				<key>GCC_WARN_UNUSED_VARIABLE</key>
				<string>YES</string>
				<key>IPHONEOS_DEPLOYMENT_TARGET</key>
				<string>7.1</string>
				<key>SDKROOT</key>
				<string>iphoneos</string>
				<key>VALIDATE_PRODUCT</key>
				<string>YES</string>
			</dict>
			<key>isa</key>
			<string>XCBuildConfiguration</string>
			<key>name</key>
			<string>Release</string>
		</dict>
		<key>50E31C85198713C700F2EB0F</key>
		<dict>
			<key>buildConfigurations</key>
			<array>
				<string>50E31C86198713C700F2EB0F</string>
				<string>50E31C87198713C700F2EB0F</string>
			</array>
			<key>defaultConfigurationIsVisible</key>
			<string>0</string>
			<key>isa</key>
			<string>XCConfigurationList</string>
		</dict>
		<key>50E31C86198713C700F2EB0F</key>
		<dict>
			<key>buildSettings</key>
			<dict>
				<key>ASSETCATALOG_COMPILER_APPICON_NAME</key>
				<string>AppIcon</string>
				<key>ASSETCATALOG_COMPILER_LAUNCHIMAGE_NAME</key>
				<string>LaunchImage</string>
				<key>GCC_PRECOMPILE_PREFIX_HEADER</key>
				<string>YES</string>
				<key>GCC_PREFIX_HEADER</key>
				<string>&#20234;&#34276;&#32681;&#31456;/Supporting Files/&#20234;&#34276;&#32681;&#31456;-Prefix.pch</string>
				<key>INFOPLIST_FILE</key>
				<string>&#20234;&#34276;&#32681;&#31456;/Supporting Files/&#20234;&#34276;&#32681;&#31456;-Info.plist</string>
				<key>PRODUCT_NAME</key>
				<string>$(TARGET_NAME)</string>
				<key>WRAPPER_EXTENSION</key>
				<string>app</string>
			</dict>
			<key>isa</key>
			<string>XCBuildConfiguration</string>
			<key>name</key>
			<string>Debug</string>
		</dict>
		<key>50E31C87198713C700F2EB0F</key>
		<dict>
			<key>buildSettings</key>
			<dict>
				<key>ASSETCATALOG_COMPILER_APPICON_NAME</key>
				<string>AppIcon</string>
				<key>ASSETCATALOG_COMPILER_LAUNCHIMAGE_NAME</key>
				<string>LaunchImage</string>
				<key>GCC_PRECOMPILE_PREFIX_HEADER</key>
				<string>YES</string>
				<key>GCC_PREFIX_HEADER</key>
				<string>&#20234;&#34276;&#32681;&#31456;/Supporting Files/&#20234;&#34276;&#32681;&#31456;-Prefix.pch</string>
				<key>INFOPLIST_FILE</key>
				<string>&#20234;&#34276;&#32681;&#31456;/Supporting Files/&#20234;&#34276;&#32681;&#31456;-Info.plist</string>
				<key>PRODUCT_NAME</key>
				<string>$(TARGET_NAME)</string>
				<key>WRAPPER_EXTENSION</key>
				<string>app</string>
			</dict>
			<key>isa</key>
			<string>XCBuildConfiguration</string>
			<key>name</key>
			<string>Release</string>
		</dict>
		<key>50E31C88198713C700F2EB0F</key>
		<dict>
			<key>buildConfigurations</key>
			<array>
				<string>50E31C89198713C700F2EB0F</string>
				<string>50E31C8A198713C700F2EB0F</string>
			</array>
			<key>defaultConfigurationIsVisible</key>
			<string>0</string>
			<key>isa</key>
			<string>XCConfigurationList</string>
		</dict>
		<key>50E31C89198713C700F2EB0F</key>
		<dict>
			<key>buildSettings</key>
			<dict>
				<key>BUNDLE_LOADER</key>
				<string>$(BUILT_PRODUCTS_DIR)/&#20234;&#34276;&#32681;&#31456;.app/&#20234;&#34276;&#32681;&#31456;</string>
				<key>FRAMEWORK_SEARCH_PATHS</key>
				<array>
					<string>$(SDKROOT)/Developer/Library/Frameworks</string>
					<string>$(inherited)</string>
					<string>$(DEVELOPER_FRAMEWORKS_DIR)</string>
				</array>
				<key>GCC_PRECOMPILE_PREFIX_HEADER</key>
				<string>YES</string>
				<key>GCC_PREFIX_HEADER</key>
				<string>&#20234;&#34276;&#32681;&#31456;/Supporting Files/&#20234;&#34276;&#32681;&#31456;-Prefix.pch</string>
				<key>GCC_PREPROCESSOR_DEFINITIONS</key>
				<array>
					<string>DEBUG=1</string>
					<string>$(inherited)</string>
				</array>
				<key>INFOPLIST_FILE</key>
				<string>&#20234;&#34276;&#32681;&#31456;Tests/Supporting Files/&#20234;&#34276;&#32681;&#31456;Tests-Info.plist</string>
				<key>PRODUCT_NAME</key>
				<string>$(TARGET_NAME)</string>
				<key>TEST_HOST</key>
				<string>$(BUNDLE_LOADER)</string>
				<key>WRAPPER_EXTENSION</key>
				<string>xctest</string>
			</dict>
			<key>isa</key>
			<string>XCBuildConfiguration</string>
			<key>name</key>
			<string>Debug</string>
		</dict>
		<key>50E31C8A198713C700F2EB0F</key>
		<dict>
			<key>buildSettings</key>
			<dict>
				<key>BUNDLE_LOADER</key>
				<string>$(BUILT_PRODUCTS_DIR)/&#20234;&#34276;&#32681;&#31456;.app/&#20234;&#34276;&#32681;&#31456;</string>
				<key>FRAMEWORK_SEARCH_PATHS</key>
				<array>
					<string>$(SDKROOT)/Developer/Library/Frameworks</string>
					<string>$(inherited)</string>
					<string>$(DEVELOPER_FRAMEWORKS_DIR)</string>
				</array>
				<key>GCC_PRECOMPILE_PREFIX_HEADER</key>
				<string>YES</string>
				<key>GCC_PREFIX_HEADER</key>
				<string>&#20234;&#34276;&#32681;&#31456;/Supporting Files/&#20234;&#34276;&#32681;&#31456;-Prefix.pch</string>
				<key>INFOPLIST_FILE</key>
				<string>&#20234;&#34276;&#32681;&#31456;Tests/Supporting Files/&#20234;&#34276;&#32681;&#31456;Tests-Info.plist</string>
				<key>PRODUCT_NAME</key>
				<string>$(TARGET_NAME)</string>
				<key>TEST_HOST</key>
				<string>$(BUNDLE_LOADER)</string>
				<key>WRAPPER_EXTENSION</key>
				<string>xctest</string>
			</dict>
			<key>isa</key>
			<string>XCBuildConfiguration</string>
			<key>name</key>
			<string>Release</string>
		</dict>
		<key>50E31C8B198713CD00F2EB0F</key>
		<dict>
			<key>children</key>
			<array/>
			<key>isa</key>
			<string>PBXGroup</string>
			<key>name</key>
			<string>Controllers</string>
			<key>path</key>
			<string>Controllers</string>
			<key>sourceTree</key>
			<string>&lt;group&gt;</string>
		</dict>
		<key>50E31C8C198713CE00F2EB0F</key>
		<dict>
			<key>children</key>
			<array/>
			<key>isa</key>
			<string>PBXGroup</string>
			<key>name</key>
			<string>Models</string>
			<key>path</key>
			<string>Models</string>
			<key>sourceTree</key>
			<string>&lt;group&gt;</string>
		</dict>
		<key>50E31C8D198713D000F2EB0F</key>
		<dict>
			<key>children</key>
			<array>
				<string>50E31C911987142500F2EB0F</string>
			</array>
			<key>isa</key>
			<string>PBXGroup</string>
			<key>name</key>
			<string>Resources</string>
			<key>path</key>
			<string>Resources</string>
			<key>sourceTree</key>
			<string>&lt;group&gt;</string>
		</dict>
		<key>50E31C8E198713D300F2EB0F</key>
		<dict>
			<key>children</key>
			<array/>
			<key>isa</key>
			<string>PBXGroup</string>
			<key>name</key>
			<string>Views</string>
			<key>path</key>
			<string>Views</string>
			<key>sourceTree</key>
			<string>&lt;group&gt;</string>
		</dict>
		<key>50E31C8F198713ED00F2EB0F</key>
		<dict>
			<key>children</key>
			<array/>
			<key>isa</key>
			<string>PBXGroup</string>
			<key>name</key>
			<string>ViewModels</string>
			<key>path</key>
			<string>ViewModels</string>
			<key>sourceTree</key>
			<string>&lt;group&gt;</string>
		</dict>
		<key>50E31C90198713F700F2EB0F</key>
		<dict>
			<key>children</key>
			<array/>
			<key>isa</key>
			<string>PBXGroup</string>
			<key>name</key>
			<string>Commons</string>
			<key>path</key>
			<string>Commons</string>
			<key>sourceTree</key>
			<string>&lt;group&gt;</string>
		</dict>
		<key>50E31C911987142500F2EB0F</key>
		<dict>
			<key>children</key>
			<array>
				<string>50E31C921987143900F2EB0F</string>
				<string>50E31C931987143900F2EB0F</string>
				<string>50E31C941987143900F2EB0F</string>
				<string>50E31C951987143900F2EB0F</string>
			</array>
			<key>isa</key>
			<string>PBXGroup</string>
			<key>name</key>
			<string>img</string>
			<key>path</key>
			<string>img</string>
			<key>sourceTree</key>
			<string>&lt;group&gt;</string>
		</dict>
		<key>50E31C921987143900F2EB0F</key>
		<dict>
			<key>isa</key>
			<string>PBXFileReference</string>
			<key>lastKnownFileType</key>
			<string>image.png</string>
			<key>path</key>
			<string>ito_error.png</string>
			<key>sourceTree</key>
			<string>&lt;group&gt;</string>
		</dict>
		<key>50E31C931987143900F2EB0F</key>
		<dict>
			<key>isa</key>
			<string>PBXFileReference</string>
			<key>lastKnownFileType</key>
			<string>image.png</string>
			<key>path</key>
			<string>ito_off.png</string>
			<key>sourceTree</key>
			<string>&lt;group&gt;</string>
		</dict>
		<key>50E31C941987143900F2EB0F</key>
		<dict>
			<key>isa</key>
			<string>PBXFileReference</string>
			<key>lastKnownFileType</key>
			<string>image.png</string>
			<key>path</key>
			<string>ito_on.png</string>
			<key>sourceTree</key>
			<string>&lt;group&gt;</string>
		</dict>
		<key>50E31C951987143900F2EB0F</key>
		<dict>
			<key>isa</key>
			<string>PBXFileReference</string>
			<key>lastKnownFileType</key>
			<string>image.png</string>
			<key>path</key>
			<string>ito_red.png</string>
			<key>sourceTree</key>
			<string>&lt;group&gt;</string>
		</dict>
		<key>50E31C961987143900F2EB0F</key>
		<dict>
			<key>fileRef</key>
			<string>50E31C921987143900F2EB0F</string>
			<key>isa</key>
			<string>PBXBuildFile</string>
		</dict>
		<key>50E31C971987143900F2EB0F</key>
		<dict>
			<key>fileRef</key>
			<string>50E31C931987143900F2EB0F</string>
			<key>isa</key>
			<string>PBXBuildFile</string>
		</dict>
		<key>50E31C981987143900F2EB0F</key>
		<dict>
			<key>fileRef</key>
			<string>50E31C941987143900F2EB0F</string>
			<key>isa</key>
			<string>PBXBuildFile</string>
		</dict>
		<key>50E31C991987143900F2EB0F</key>
		<dict>
			<key>fileRef</key>
			<string>50E31C951987143900F2EB0F</string>
			<key>isa</key>
			<string>PBXBuildFile</string>
		</dict>
	</dict>
	<key>rootObject</key>
	<string>50E31C4B198713C700F2EB0F</string>
</dict>
</plist>
